
Microsoft Visual Studio Solution File, Format Version 12.00
# Visual Studio Version 17
VisualStudioVersion = 17.11.35312.102
MinimumVisualStudioVersion = 10.0.40219.1
Project("{2150E333-8FDC-42A3-9474-1A3956D46DE8}") = "src", "src", "{D88EC8D2-6B52-4ABE-9972-3C1613E16E57}"
EndProject
Project("{2150E333-8FDC-42A3-9474-1A3956D46DE8}") = "tests", "tests", "{14944D32-85A9-4579-B4D5-A3802B7E6EF6}"
EndProject
Project("{9A19103F-16F7-4668-BE54-9A1E7A4F7556}") = "CourseStoreMinimalAPI.Dal", "src\CourseStoreMinimalAPI.Dal\CourseStoreMinimalAPI.Dal.csproj", "{FAAED0E9-15E5-4DD2-8498-A9CA35BA097A}"
EndProject
Project("{9A19103F-16F7-4668-BE54-9A1E7A4F7556}") = "CourseStoreMinimalAPI.Entities", "src\CourseStoreMinimalAPI.Entities\CourseStoreMinimalAPI.Entities.csproj", "{A9FA5551-38DD-4C7F-95C6-4EDE23F8BEC7}"
EndProject
Project("{9A19103F-16F7-4668-BE54-9A1E7A4F7556}") = "CourseStoreMinimalAPI.Services", "src\CourseStoreMinimalAPI.Services\CourseStoreMinimalAPI.Services.csproj", "{BDA171D9-46EC-4FBC-8A68-0A1905C64FEA}"
EndProject
Project("{9A19103F-16F7-4668-BE54-9A1E7A4F7556}") = "CourseStoreMinimalAPI.WebAPI", "src\CourseStoreMinimalAPI.WebAPI\CourseStoreMinimalAPI.WebAPI.csproj", "{EFE78211-86D3-4354-AB58-2D11622A6F5E}"
EndProject
Global
	GlobalSection(SolutionConfigurationPlatforms) = preSolution
		Debug|Any CPU = Debug|Any CPU
		Release|Any CPU = Release|Any CPU
	EndGlobalSection
	GlobalSection(ProjectConfigurationPlatforms) = postSolution
		{FAAED0E9-15E5-4DD2-8498-A9CA35BA097A}.Debug|Any CPU.ActiveCfg = Debug|Any CPU
		{FAAED0E9-15E5-4DD2-8498-A9CA35BA097A}.Debug|Any CPU.Build.0 = Debug|Any CPU
		{FAAED0E9-15E5-4DD2-8498-A9CA35BA097A}.Release|Any CPU.ActiveCfg = Release|Any CPU
		{FAAED0E9-15E5-4DD2-8498-A9CA35BA097A}.Release|Any CPU.Build.0 = Release|Any CPU
		{A9FA5551-38DD-4C7F-95C6-4EDE23F8BEC7}.Debug|Any CPU.ActiveCfg = Debug|Any CPU
		{A9FA5551-38DD-4C7F-95C6-4EDE23F8BEC7}.Debug|Any CPU.Build.0 = Debug|Any CPU
		{A9FA5551-38DD-4C7F-95C6-4EDE23F8BEC7}.Release|Any CPU.ActiveCfg = Release|Any CPU
		{A9FA5551-38DD-4C7F-95C6-4EDE23F8BEC7}.Release|Any CPU.Build.0 = Release|Any CPU
		{BDA171D9-46EC-4FBC-8A68-0A1905C64FEA}.Debug|Any CPU.ActiveCfg = Debug|Any CPU
		{BDA171D9-46EC-4FBC-8A68-0A1905C64FEA}.Debug|Any CPU.Build.0 = Debug|Any CPU
		{BDA171D9-46EC-4FBC-8A68-0A1905C64FEA}.Release|Any CPU.ActiveCfg = Release|Any CPU
		{BDA171D9-46EC-4FBC-8A68-0A1905C64FEA}.Release|Any CPU.Build.0 = Release|Any CPU
		{EFE78211-86D3-4354-AB58-2D11622A6F5E}.Debug|Any CPU.ActiveCfg = Debug|Any CPU
		{EFE78211-86D3-4354-AB58-2D11622A6F5E}.Debug|Any CPU.Build.0 = Debug|Any CPU
		{EFE78211-86D3-4354-AB58-2D11622A6F5E}.Release|Any CPU.ActiveCfg = Release|Any CPU
		{EFE78211-86D3-4354-AB58-2D11622A6F5E}.Release|Any CPU.Build.0 = Release|Any CPU
	EndGlobalSection
	GlobalSection(SolutionProperties) = preSolution
		HideSolutionNode = FALSE
	EndGlobalSection
	GlobalSection(NestedProjects) = preSolution
		{FAAED0E9-15E5-4DD2-8498-A9CA35BA097A} = {D88EC8D2-6B52-4ABE-9972-3C1613E16E57}
		{A9FA5551-38DD-4C7F-95C6-4EDE23F8BEC7} = {D88EC8D2-6B52-4ABE-9972-3C1613E16E57}
		{BDA171D9-46EC-4FBC-8A68-0A1905C64FEA} = {D88EC8D2-6B52-4ABE-9972-3C1613E16E57}
		{EFE78211-86D3-4354-AB58-2D11622A6F5E} = {D88EC8D2-6B52-4ABE-9972-3C1613E16E57}
	EndGlobalSection
	GlobalSection(ExtensibilityGlobals) = postSolution
		SolutionGuid = {1EA51424-B7B4-42AB-B749-2B60E227E2A3}
	EndGlobalSection
EndGlobal
